<?xml version="1.0" encoding="utf-8"?>
<Project ToolsVersion="4.0" xmlns="http://schemas.microsoft.com/developer/msbuild/2003">
  <ItemGroup>
    <Filter Include="Source Files">
      <UniqueIdentifier>{4FC737F1-C7A5-4376-A066-2A32D752A2FF}</UniqueIdentifier>
      <Extensions>cpp;c;cc;cxx;c++;cppm;ixx;def;odl;idl;hpj;bat;asm;asmx</Extensions>
    </Filter>
    <Filter Include="Header Files">
      <UniqueIdentifier>{93995380-89BD-4b04-88EB-625FBE52EBFB}</UniqueIdentifier>
      <Extensions>h;hh;hpp;hxx;h++;hm;inl;inc;ipp;xsd</Extensions>
    </Filter>
    <Filter Include="Resource Files">
      <UniqueIdentifier>{67DA6AB6-F800-4c08-8B7A-83BB121AAD01}</UniqueIdentifier>
      <Extensions>rc;ico;cur;bmp;dlg;rc2;rct;bin;rgs;gif;jpg;jpeg;jpe;resx;tiff;tif;png;wav;mfcribbon-ms</Extensions>
    </Filter>
  </ItemGroup>
  <ItemGroup>
    <ClInclude Include="..\SVGDocument\SVG_H\SVGDocument.h">
      <Filter>Header Files</Filter>
    </ClInclude>
    <ClInclude Include="..\SVGElement\SVG_H\CustomColor.h">
      <Filter>Header Files</Filter>
    </ClInclude>
    <ClInclude Include="..\SVGElement\SVG_H\CustomPoint.h">
      <Filter>Header Files</Filter>
    </ClInclude>
    <ClInclude Include="..\SVGElement\SVG_H\Library.h">
      <Filter>Header Files</Filter>
    </ClInclude>
    <ClInclude Include="..\SVGElement\SVG_H\Stroke.h">
      <Filter>Header Files</Filter>
    </ClInclude>
    <ClInclude Include="..\SVGElement\SVG_H\SVGCircle.h">
      <Filter>Header Files</Filter>
    </ClInclude>
    <ClInclude Include="..\SVGElement\SVG_H\SVGElement.h">
      <Filter>Header Files</Filter>
    </ClInclude>
    <ClInclude Include="..\SVGElement\SVG_H\SVGEllipse.h">
      <Filter>Header Files</Filter>
    </ClInclude>
    <ClInclude Include="..\SVGElement\SVG_H\SVGLine.h">
      <Filter>Header Files</Filter>
    </ClInclude>
    <ClInclude Include="..\SVGElement\SVG_H\SVGPath.h">
      <Filter>Header Files</Filter>
    </ClInclude>
    <ClInclude Include="..\SVGElement\SVG_H\SVGPolygon.h">
      <Filter>Header Files</Filter>
    </ClInclude>
    <ClInclude Include="..\SVGElement\SVG_H\SVGPolyline.h">
      <Filter>Header Files</Filter>
    </ClInclude>
    <ClInclude Include="..\SVGElement\SVG_H\SVGPolyshapeBase.h">
      <Filter>Header Files</Filter>
    </ClInclude>
    <ClInclude Include="..\SVGElement\SVG_H\SVGRectangle.h">
      <Filter>Header Files</Filter>
    </ClInclude>
    <ClInclude Include="..\SVGElement\SVG_H\SVGSquare.h">
      <Filter>Header Files</Filter>
    </ClInclude>
    <ClInclude Include="..\SVGElement\SVG_H\SVGStyle.h">
      <Filter>Header Files</Filter>
    </ClInclude>
    <ClInclude Include="..\SVGElement\SVG_H\SVGText.h">
      <Filter>Header Files</Filter>
    </ClInclude>
    <ClInclude Include="..\SVGElement\SVG_H\tinyxml2.h">
      <Filter>Header Files</Filter>
    </ClInclude>
    <ClInclude Include="..\SVGGroup_Factory\SVG_H\SVGFactoryPattern.h">
      <Filter>Header Files</Filter>
    </ClInclude>
    <ClInclude Include="..\SVGGroup_Factory\SVG_H\SVGGroup.h">
      <Filter>Header Files</Filter>
    </ClInclude>
    <ClInclude Include="..\SVGParser\SVGParser\include\SVGParser.h">
      <Filter>Header Files</Filter>
    </ClInclude>
    <ClInclude Include="..\SVGRenderer\SVGRenderer.h">
      <Filter>Header Files</Filter>
    </ClInclude>
  </ItemGroup>
  <ItemGroup>
    <ClCompile Include="..\SVGRenderer\SVGRenderer.cpp">
      <Filter>Source Files</Filter>
    </ClCompile>
    <ClCompile Include="..\SVGParser\SVGParser\source\SVGParser.cpp">
      <Filter>Source Files</Filter>
    </ClCompile>
    <ClCompile Include="..\SVGParser\SVGParser\source\tinyxml2.cpp">
      <Filter>Source Files</Filter>
    </ClCompile>
    <ClCompile Include="..\SVGGroup_Factory\SVG_CPP\SVGFactoryPattern.cpp">
      <Filter>Source Files</Filter>
    </ClCompile>
    <ClCompile Include="..\SVGGroup_Factory\SVG_CPP\SVGGroup.cpp">
      <Filter>Source Files</Filter>
    </ClCompile>
    <ClCompile Include="..\SVGElement\SVG_CPP\CustomColor.cpp">
      <Filter>Source Files</Filter>
    </ClCompile>
    <ClCompile Include="..\SVGElement\SVG_CPP\CustomPoint.cpp">
      <Filter>Source Files</Filter>
    </ClCompile>
    <ClCompile Include="..\SVGElement\SVG_CPP\Stroke.cpp">
      <Filter>Source Files</Filter>
    </ClCompile>
    <ClCompile Include="..\SVGElement\SVG_CPP\SVGCircle.cpp">
      <Filter>Source Files</Filter>
    </ClCompile>
    <ClCompile Include="..\SVGElement\SVG_CPP\SVGElement.cpp">
      <Filter>Source Files</Filter>
    </ClCompile>
    <ClCompile Include="..\SVGElement\SVG_CPP\SVGEllipse.cpp">
      <Filter>Source Files</Filter>
    </ClCompile>
    <ClCompile Include="..\SVGElement\SVG_CPP\SVGLine.cpp">
      <Filter>Source Files</Filter>
    </ClCompile>
    <ClCompile Include="..\SVGElement\SVG_CPP\SVGPath.cpp">
      <Filter>Source Files</Filter>
    </ClCompile>
    <ClCompile Include="..\SVGElement\SVG_CPP\SVGPolygon.cpp">
      <Filter>Source Files</Filter>
    </ClCompile>
    <ClCompile Include="..\SVGElement\SVG_CPP\SVGPolyline.cpp">
      <Filter>Source Files</Filter>
    </ClCompile>
    <ClCompile Include="..\SVGElement\SVG_CPP\SVGPolyshapeBase.cpp">
      <Filter>Source Files</Filter>
    </ClCompile>
    <ClCompile Include="..\SVGElement\SVG_CPP\SVGRectangle.cpp">
      <Filter>Source Files</Filter>
    </ClCompile>
    <ClCompile Include="..\SVGElement\SVG_CPP\SVGSquare.cpp">
      <Filter>Source Files</Filter>
    </ClCompile>
    <ClCompile Include="..\SVGElement\SVG_CPP\SVGStyle.cpp">
      <Filter>Source Files</Filter>
    </ClCompile>
    <ClCompile Include="..\SVGElement\SVG_CPP\SVGText.cpp">
      <Filter>Source Files</Filter>
    </ClCompile>
    <ClCompile Include="..\SVGDocument\SVG_CPP\SVGDocument.cpp">
      <Filter>Source Files</Filter>
    </ClCompile>
  </ItemGroup>
</Project>