<?xml version="1.0" encoding="utf-8"?>
<Project ToolsVersion="4.0" xmlns="http://schemas.microsoft.com/developer/msbuild/2003">
  <ItemGroup>
    <Filter Include="Source Files">
      <UniqueIdentifier>{4FC737F1-C7A5-4376-A066-2A32D752A2FF}</UniqueIdentifier>
      <Extensions>cpp;c;cc;cxx;c++;cppm;ixx;def;odl;idl;hpj;bat;asm;asmx</Extensions>
    </Filter>
    <Filter Include="Header Files">
      <UniqueIdentifier>{93995380-89BD-4b04-88EB-625FBE52EBFB}</UniqueIdentifier>
      <Extensions>h;hh;hpp;hxx;h++;hm;inl;inc;ipp;xsd</Extensions>
    </Filter>
    <Filter Include="Resource Files">
      <UniqueIdentifier>{67DA6AB6-F800-4c08-8B7A-83BB121AAD01}</UniqueIdentifier>
      <Extensions>rc;ico;cur;bmp;dlg;rc2;rct;bin;rgs;gif;jpg;jpeg;jpe;resx;tiff;tif;png;wav;mfcribbon-ms</Extensions>
    </Filter>
  </ItemGroup>
  <ItemGroup>
    <ClInclude Include="SVGDocument.h">
      <Filter>Header Files</Filter>
    </ClInclude>
    <ClInclude Include="CustomColor.h">
      <Filter>Header Files</Filter>
    </ClInclude>
    <ClInclude Include="CustomPoint.h">
      <Filter>Header Files</Filter>
    </ClInclude>
    <ClInclude Include="Stroke.h">
      <Filter>Header Files</Filter>
    </ClInclude>
    <ClInclude Include="SVGCircle.h">
      <Filter>Header Files</Filter>
    </ClInclude>
    <ClInclude Include="SVGElement.h">
      <Filter>Header Files</Filter>
    </ClInclude>
    <ClInclude Include="SVGEllipse.h">
      <Filter>Header Files</Filter>
    </ClInclude>
    <ClInclude Include="SVGLine.h">
      <Filter>Header Files</Filter>
    </ClInclude>
    <ClInclude Include="SVGPolygon.h">
      <Filter>Header Files</Filter>
    </ClInclude>
    <ClInclude Include="SVGPolyline.h">
      <Filter>Header Files</Filter>
    </ClInclude>
    <ClInclude Include="SVGPolyshapeBase.h">
      <Filter>Header Files</Filter>
    </ClInclude>
    <ClInclude Include="SVGRectangle.h">
      <Filter>Header Files</Filter>
    </ClInclude>
    <ClInclude Include="SVGSquare.h">
      <Filter>Header Files</Filter>
    </ClInclude>
    <ClInclude Include="SVGStyle.h">
      <Filter>Header Files</Filter>
    </ClInclude>
    <ClInclude Include="SVGText.h">
      <Filter>Header Files</Filter>
    </ClInclude>
    <ClInclude Include="tinyxml2.h">
      <Filter>Header Files</Filter>
    </ClInclude>
    <ClInclude Include="SVGFactoryPattern.h">
      <Filter>Header Files</Filter>
    </ClInclude>
    <ClInclude Include="SVGGroup.h">
      <Filter>Header Files</Filter>
    </ClInclude>
    <ClInclude Include="SVGParser.h">
      <Filter>Header Files</Filter>
    </ClInclude>
    <ClInclude Include="SVGRenderer.h">
      <Filter>Header Files</Filter>
    </ClInclude>
    <ClInclude Include="SVGPath.h">
      <Filter>Header Files</Filter>
    </ClInclude>
    <ClInclude Include="SVGGradient.h">
      <Filter>Header Files</Filter>
    </ClInclude>
    <ClInclude Include="SVGLinearGradient.h">
      <Filter>Header Files</Filter>
    </ClInclude>
    <ClInclude Include="SVGRadialGradient.h">
      <Filter>Header Files</Filter>
    </ClInclude>
    <ClInclude Include="SVGStop.h">
      <Filter>Header Files</Filter>
    </ClInclude>
    <ClInclude Include="SVGDocumentContext.h">
      <Filter>Header Files</Filter>
    </ClInclude>
    <ClInclude Include="SVGTransform.h">
      <Filter>Header Files</Filter>
    </ClInclude>
    <ClInclude Include="ColorUtils.h">
      <Filter>Header Files</Filter>
    </ClInclude>
    <ClInclude Include="GradientUtils.h">
      <Filter>Header Files</Filter>
    </ClInclude>
  </ItemGroup>
  <ItemGroup>
    <ClCompile Include="SVGDocument.cpp">
      <Filter>Resource Files</Filter>
    </ClCompile>
    <ClCompile Include="SVGFactoryPattern.cpp">
      <Filter>Resource Files</Filter>
    </ClCompile>
    <ClCompile Include="SVGGroup.cpp">
      <Filter>Resource Files</Filter>
    </ClCompile>
    <ClCompile Include="SVGParser.cpp">
      <Filter>Resource Files</Filter>
    </ClCompile>
    <ClCompile Include="tinyxml2.cpp">
      <Filter>Resource Files</Filter>
    </ClCompile>
    <ClCompile Include="CustomColor.cpp">
      <Filter>Resource Files</Filter>
    </ClCompile>
    <ClCompile Include="CustomPoint.cpp">
      <Filter>Resource Files</Filter>
    </ClCompile>
    <ClCompile Include="Stroke.cpp">
      <Filter>Resource Files</Filter>
    </ClCompile>
    <ClCompile Include="SVGCircle.cpp">
      <Filter>Resource Files</Filter>
    </ClCompile>
    <ClCompile Include="SVGElement.cpp">
      <Filter>Resource Files</Filter>
    </ClCompile>
    <ClCompile Include="SVGEllipse.cpp">
      <Filter>Resource Files</Filter>
    </ClCompile>
    <ClCompile Include="SVGLine.cpp">
      <Filter>Resource Files</Filter>
    </ClCompile>
    <ClCompile Include="SVGPolygon.cpp">
      <Filter>Resource Files</Filter>
    </ClCompile>
    <ClCompile Include="SVGPolyline.cpp">
      <Filter>Resource Files</Filter>
    </ClCompile>
    <ClCompile Include="SVGPolyshapeBase.cpp">
      <Filter>Resource Files</Filter>
    </ClCompile>
    <ClCompile Include="SVGRectangle.cpp">
      <Filter>Resource Files</Filter>
    </ClCompile>
    <ClCompile Include="SVGSquare.cpp">
      <Filter>Resource Files</Filter>
    </ClCompile>
    <ClCompile Include="SVGStyle.cpp">
      <Filter>Resource Files</Filter>
    </ClCompile>
    <ClCompile Include="SVGText.cpp">
      <Filter>Resource Files</Filter>
    </ClCompile>
    <ClCompile Include="SVGRenderer.cpp">
      <Filter>Resource Files</Filter>
    </ClCompile>
    <ClCompile Include="main.cpp">
      <Filter>Source Files</Filter>
    </ClCompile>
    <ClCompile Include="SVGPath.cpp">
      <Filter>Resource Files</Filter>
    </ClCompile>
    <ClCompile Include="SVGGradient.cpp">
      <Filter>Resource Files</Filter>
    </ClCompile>
    <ClCompile Include="SVGLinearGradient.cpp">
      <Filter>Resource Files</Filter>
    </ClCompile>
    <ClCompile Include="SVGRadialGradient.cpp">
      <Filter>Resource Files</Filter>
    </ClCompile>
    <ClCompile Include="SVGStop.cpp">
      <Filter>Resource Files</Filter>
    </ClCompile>
    <ClCompile Include="SVGDocumentContext.cpp">
      <Filter>Resource Files</Filter>
    </ClCompile>
    <ClCompile Include="SVGTransform.cpp">
      <Filter>Resource Files</Filter>
    </ClCompile>
  </ItemGroup>
</Project>